
Microsoft Visual Studio Solution File, Format Version 12.00
# Visual Studio 15
VisualStudioVersion = 15.0.28307.421
MinimumVisualStudioVersion = 10.0.40219.1
Project("{FAE04EC0-301F-11D3-BF4B-00C04F79EFBC}") = "RazorPagesMovie", "RazorPagesMovie\RazorPagesMovie.csproj", "{CEFD47A9-EFE4-48CE-837A-F46E087E058A}"
EndProject
Global
	GlobalSection(SolutionConfigurationPlatforms) = preSolution
		Debug|Any CPU = Debug|Any CPU
		Release|Any CPU = Release|Any CPU
	EndGlobalSection
	GlobalSection(ProjectConfigurationPlatforms) = postSolution
		{CEFD47A9-EFE4-48CE-837A-F46E087E058A}.Debug|Any CPU.ActiveCfg = Debug|Any CPU
		{CEFD47A9-EFE4-48CE-837A-F46E087E058A}.Debug|Any CPU.Build.0 = Debug|Any CPU
		{CEFD47A9-EFE4-48CE-837A-F46E087E058A}.Release|Any CPU.ActiveCfg = Release|Any CPU
		{CEFD47A9-EFE4-48CE-837A-F46E087E058A}.Release|Any CPU.Build.0 = Release|Any CPU
	EndGlobalSection
	GlobalSection(SolutionProperties) = preSolution
		HideSolutionNode = FALSE
	EndGlobalSection
	GlobalSection(ExtensibilityGlobals) = postSolution
		SolutionGuid = {40943B20-61ED-4E52-9F72-921AFA2914CA}
	EndGlobalSection
EndGlobal
